schema: '2.0'
stages:
  data_ingestion:
    cmd: python .\src\data\data_ingestion.py
    deps:
    - path: .\src\data\data_ingestion.py
      hash: md5
      md5: a8dd52980362bbb19a3e9c87e16cb430
      size: 2649
    params:
      params.yaml:
        data_ingestion.random_state: 42
        data_ingestion.test_size: 0.2
    outs:
    - path: .\data\raw\
      hash: md5
      md5: ef14710595d07ef6e1ac587c252dcaac.dir
      size: 3328220
      nfiles: 2
